// !$*UTF8*$!
{
	archiveVersion = 1;
	classes = {
	};
	objectVersion = 50;
	objects = {

/* Begin PBXBuildFile section */
		4C3F8FA120BCD893003EC4FC /* AppDelegate.m in Sources */ = {isa = PBXBuildFile; fileRef = 4C3F8FA020BCD893003EC4FC /* AppDelegate.m */; };
		4C3F8FA720BCD893003EC4FC /* Main.storyboard in Resources */ = {isa = PBXBuildFile; fileRef = 4C3F8FA520BCD893003EC4FC /* Main.storyboard */; };
		4C3F8FA920BCD894003EC4FC /* Assets.xcassets in Resources */ = {isa = PBXBuildFile; fileRef = 4C3F8FA820BCD894003EC4FC /* Assets.xcassets */; };
		4C3F8FAC20BCD894003EC4FC /* LaunchScreen.storyboard in Resources */ = {isa = PBXBuildFile; fileRef = 4C3F8FAA20BCD894003EC4FC /* LaunchScreen.storyboard */; };
		4C3F8FAF20BCD894003EC4FC /* main.m in Sources */ = {isa = PBXBuildFile; fileRef = 4C3F8FAE20BCD894003EC4FC /* main.m */; };
		4C3F8FB920BCD895003EC4FC /* SinoNewsTests.m in Sources */ = {isa = PBXBuildFile; fileRef = 4C3F8FB820BCD895003EC4FC /* SinoNewsTests.m */; };
		4C3F8FC420BCD895003EC4FC /* SinoNewsUITests.m in Sources */ = {isa = PBXBuildFile; fileRef = 4C3F8FC320BCD895003EC4FC /* SinoNewsUITests.m */; };
		4C3F8FED20BCEF09003EC4FC /* HomePageViewController.m in Sources */ = {isa = PBXBuildFile; fileRef = 4C3F8FEC20BCEF09003EC4FC /* HomePageViewController.m */; };
		4C3F8FF020BCEF1A003EC4FC /* AttentionViewController.m in Sources */ = {isa = PBXBuildFile; fileRef = 4C3F8FEF20BCEF1A003EC4FC /* AttentionViewController.m */; };
		4C3F8FF320BCEF27003EC4FC /* RankViewController.m in Sources */ = {isa = PBXBuildFile; fileRef = 4C3F8FF220BCEF27003EC4FC /* RankViewController.m */; };
		4C3F8FF620BCEF3C003EC4FC /* IntegralViewController.m in Sources */ = {isa = PBXBuildFile; fileRef = 4C3F8FF520BCEF3C003EC4FC /* IntegralViewController.m */; };
		4C3F8FF920BCEF45003EC4FC /* MineViewController.m in Sources */ = {isa = PBXBuildFile; fileRef = 4C3F8FF820BCEF45003EC4FC /* MineViewController.m */; };
		4C3F8FFE20BCF7D8003EC4FC /* BaseNavigationVC.m in Sources */ = {isa = PBXBuildFile; fileRef = 4C3F8FFD20BCF7D8003EC4FC /* BaseNavigationVC.m */; };
		4C3F900120BCF7EB003EC4FC /* BaseViewController.m in Sources */ = {isa = PBXBuildFile; fileRef = 4C3F900020BCF7EB003EC4FC /* BaseViewController.m */; };
		4C3F900420BCF802003EC4FC /* BaseTableView.m in Sources */ = {isa = PBXBuildFile; fileRef = 4C3F900320BCF802003EC4FC /* BaseTableView.m */; };
		4C3F900920BCFA84003EC4FC /* UIColor+Hex.m in Sources */ = {isa = PBXBuildFile; fileRef = 4C3F900820BCFA84003EC4FC /* UIColor+Hex.m */; };
		4C3F900D20BCFC3F003EC4FC /* UIBarButtonItem+integration.m in Sources */ = {isa = PBXBuildFile; fileRef = 4C3F900C20BCFC3F003EC4FC /* UIBarButtonItem+integration.m */; };
		4C3F901020BCFDC2003EC4FC /* UIButton+ImageTitleSpacing.m in Sources */ = {isa = PBXBuildFile; fileRef = 4C3F900F20BCFDC2003EC4FC /* UIButton+ImageTitleSpacing.m */; };
		4C3F901320BCFE8A003EC4FC /* UIButton+countDown.m in Sources */ = {isa = PBXBuildFile; fileRef = 4C3F901220BCFE8A003EC4FC /* UIButton+countDown.m */; };
		4C3F901B20BD006C003EC4FC /* UIImage+Util.m in Sources */ = {isa = PBXBuildFile; fileRef = 4C3F901A20BD006C003EC4FC /* UIImage+Util.m */; };
		4C3F901E20BD0190003EC4FC /* MainTabbarVC.m in Sources */ = {isa = PBXBuildFile; fileRef = 4C3F901D20BD0190003EC4FC /* MainTabbarVC.m */; };
		4C3F902C20BD1CD6003EC4FC /* MLMSegmentManager.m in Sources */ = {isa = PBXBuildFile; fileRef = 4C3F902120BD1CD6003EC4FC /* MLMSegmentManager.m */; };
		4C3F902D20BD1CD6003EC4FC /* MLMSegmentHead.m in Sources */ = {isa = PBXBuildFile; fileRef = 4C3F902220BD1CD6003EC4FC /* MLMSegmentHead.m */; };
		4C3F902E20BD1CD6003EC4FC /* UIView+ViewController.m in Sources */ = {isa = PBXBuildFile; fileRef = 4C3F902320BD1CD6003EC4FC /* UIView+ViewController.m */; };
		4C3F902F20BD1CD6003EC4FC /* MLMSegmentScroll.m in Sources */ = {isa = PBXBuildFile; fileRef = 4C3F902420BD1CD6003EC4FC /* MLMSegmentScroll.m */; };
		4C3F903020BD1CD6003EC4FC /* UIView+EasyFrame.m in Sources */ = {isa = PBXBuildFile; fileRef = 4C3F902520BD1CD6003EC4FC /* UIView+EasyFrame.m */; };
		4C3F903420BD1EB7003EC4FC /* HomePageChildVCViewController.m in Sources */ = {isa = PBXBuildFile; fileRef = 4C3F903320BD1EB7003EC4FC /* HomePageChildVCViewController.m */; };
		4C3F903720BD2D10003EC4FC /* YXHeader.m in Sources */ = {isa = PBXBuildFile; fileRef = 4C3F903620BD2D10003EC4FC /* YXHeader.m */; };
		4C3F903B20BD2EDF003EC4FC /* HttpRequest.m in Sources */ = {isa = PBXBuildFile; fileRef = 4C3F903A20BD2EDF003EC4FC /* HttpRequest.m */; };
		4C3F903F20BD40BB003EC4FC /* PGCustomBannerView.m in Sources */ = {isa = PBXBuildFile; fileRef = 4C3F903D20BD40BA003EC4FC /* PGCustomBannerView.m */; };
		4C3F904520BD40D7003EC4FC /* PGIndexBannerSubiew.m in Sources */ = {isa = PBXBuildFile; fileRef = 4C3F904120BD40D7003EC4FC /* PGIndexBannerSubiew.m */; };
		4C3F904620BD40D7003EC4FC /* NewPagedFlowView.m in Sources */ = {isa = PBXBuildFile; fileRef = 4C3F904220BD40D7003EC4FC /* NewPagedFlowView.m */; };
		4C3F904920BD4177003EC4FC /* HeadBannerView.m in Sources */ = {isa = PBXBuildFile; fileRef = 4C3F904820BD4177003EC4FC /* HeadBannerView.m */; };
		4C3F904C20BD58C8003EC4FC /* LWDPageControl.m in Sources */ = {isa = PBXBuildFile; fileRef = 4C3F904B20BD58C8003EC4FC /* LWDPageControl.m */; };
		4C3F904F20BD7048003EC4FC /* HomePageFirstKindCell.m in Sources */ = {isa = PBXBuildFile; fileRef = 4C3F904E20BD7048003EC4FC /* HomePageFirstKindCell.m */; };
		4C3F905220BD7075003EC4FC /* HomePageSecondKindCell.m in Sources */ = {isa = PBXBuildFile; fileRef = 4C3F905120BD7075003EC4FC /* HomePageSecondKindCell.m */; };
		4C3F905520BD7082003EC4FC /* HomePageThirdKindCell.m in Sources */ = {isa = PBXBuildFile; fileRef = 4C3F905420BD7082003EC4FC /* HomePageThirdKindCell.m */; };
		4C3F905920BD7102003EC4FC /* HomePageModel.m in Sources */ = {isa = PBXBuildFile; fileRef = 4C3F905820BD7102003EC4FC /* HomePageModel.m */; };
		4C83E64320BFE32C00C99AAB /* LineLayout.m in Sources */ = {isa = PBXBuildFile; fileRef = 4C83E64220BFE32C00C99AAB /* LineLayout.m */; };
		4C83E64620BFE37800C99AAB /* LineCollectionViewCell.m in Sources */ = {isa = PBXBuildFile; fileRef = 4C83E64520BFE37800C99AAB /* LineCollectionViewCell.m */; };
		4C83E64B20BFFA6C00C99AAB /* YXNormalHeader.m in Sources */ = {isa = PBXBuildFile; fileRef = 4C83E64A20BFFA6C00C99AAB /* YXNormalHeader.m */; };
		4C83E64E20BFFB3100C99AAB /* YXGifHeader.m in Sources */ = {isa = PBXBuildFile; fileRef = 4C83E64D20BFFB3100C99AAB /* YXGifHeader.m */; };
		4C83E65120BFFB9C00C99AAB /* YXAutoNormalFooter.m in Sources */ = {isa = PBXBuildFile; fileRef = 4C83E65020BFFB9C00C99AAB /* YXAutoNormalFooter.m */; };
		4C8735F420BE8CC800B6A8B5 /* XLChannelControl.m in Sources */ = {isa = PBXBuildFile; fileRef = 4C8735EA20BE8CC700B6A8B5 /* XLChannelControl.m */; };
		4C8735F520BE8CC800B6A8B5 /* XLChannelHeader.m in Sources */ = {isa = PBXBuildFile; fileRef = 4C8735EE20BE8CC700B6A8B5 /* XLChannelHeader.m */; };
		4C8735F620BE8CC800B6A8B5 /* XLChannelView.m in Sources */ = {isa = PBXBuildFile; fileRef = 4C8735EF20BE8CC700B6A8B5 /* XLChannelView.m */; };
		4C8735F720BE8CC800B6A8B5 /* XLChannelItem.m in Sources */ = {isa = PBXBuildFile; fileRef = 4C8735F120BE8CC700B6A8B5 /* XLChannelItem.m */; };
		4C8735F820BE8CC800B6A8B5 /* delete@2x.png in Resources */ = {isa = PBXBuildFile; fileRef = 4C8735F220BE8CC700B6A8B5 /* delete@2x.png */; };
		4C8735F920BE8CC800B6A8B5 /* delete@3x.png in Resources */ = {isa = PBXBuildFile; fileRef = 4C8735F320BE8CC700B6A8B5 /* delete@3x.png */; };
		4C8735FD20BE92BD00B6A8B5 /* NSArray+compare.m in Sources */ = {isa = PBXBuildFile; fileRef = 4C8735FC20BE92BD00B6A8B5 /* NSArray+compare.m */; };
		4C87360020BE9F4600B6A8B5 /* SearchViewController.m in Sources */ = {isa = PBXBuildFile; fileRef = 4C8735FF20BE9F4600B6A8B5 /* SearchViewController.m */; };
		4C87360320BEAB4F00B6A8B5 /* SearchCollectionViewCell.m in Sources */ = {isa = PBXBuildFile; fileRef = 4C87360220BEAB4F00B6A8B5 /* SearchCollectionViewCell.m */; };
		4C87360620BEABB700B6A8B5 /* SearchHeadReusableView.m in Sources */ = {isa = PBXBuildFile; fileRef = 4C87360520BEABB700B6A8B5 /* SearchHeadReusableView.m */; };
		4CE121CF20C00A6400A44782 /* RankDetailViewController.m in Sources */ = {isa = PBXBuildFile; fileRef = 4CE121CE20C00A6400A44782 /* RankDetailViewController.m */; };
		4CE121D420C0148700A44782 /* NSObject+DLClass.m in Sources */ = {isa = PBXBuildFile; fileRef = 4CE121D220C0148700A44782 /* NSObject+DLClass.m */; };
		61D71A244548924A9C8EE6FF /* libPods-SinoNews.a in Frameworks */ = {isa = PBXBuildFile; fileRef = E95A22999BE9F172C21BD99F /* libPods-SinoNews.a */; };
		F1A0EB0B0D1454698D15DCF6 /* libPods-SinoNewsTests.a in Frameworks */ = {isa = PBXBuildFile; fileRef = 4228366BB3A4B1E9F4A18224 /* libPods-SinoNewsTests.a */; };
		F5D526FA5B4E6F1247E48DEC /* libPods-SinoNewsUITests.a in Frameworks */ = {isa = PBXBuildFile; fileRef = D69314950BB7E3C85B4BA6CF /* libPods-SinoNewsUITests.a */; };
/* End PBXBuildFile section */

/* Begin PBXContainerItemProxy section */
		4C3F8FB520BCD895003EC4FC /* PBXContainerItemProxy */ = {
			isa = PBXContainerItemProxy;
			containerPortal = 4C3F8F9420BCD893003EC4FC /* Project object */;
			proxyType = 1;
			remoteGlobalIDString = 4C3F8F9B20BCD893003EC4FC;
			remoteInfo = SinoNews;
		};
		4C3F8FC020BCD895003EC4FC /* PBXContainerItemProxy */ = {
			isa = PBXContainerItemProxy;
			containerPortal = 4C3F8F9420BCD893003EC4FC /* Project object */;
			proxyType = 1;
			remoteGlobalIDString = 4C3F8F9B20BCD893003EC4FC;
			remoteInfo = SinoNews;
		};
/* End PBXContainerItemProxy section */

/* Begin PBXFileReference section */
		1263473AE591A42902DC72C9 /* Pods-SinoNews.release.xcconfig */ = {isa = PBXFileReference; includeInIndex = 1; lastKnownFileType = text.xcconfig; name = "Pods-SinoNews.release.xcconfig"; path = "Pods/Target Support Files/Pods-SinoNews/Pods-SinoNews.release.xcconfig"; sourceTree = "<group>"; };
		4228366BB3A4B1E9F4A18224 /* libPods-SinoNewsTests.a */ = {isa = PBXFileReference; explicitFileType = archive.ar; includeInIndex = 0; path = "libPods-SinoNewsTests.a"; sourceTree = BUILT_PRODUCTS_DIR; };
		4C3F8F9C20BCD893003EC4FC /* SinoNews.app */ = {isa = PBXFileReference; explicitFileType = wrapper.application; includeInIndex = 0; path = SinoNews.app; sourceTree = BUILT_PRODUCTS_DIR; };
		4C3F8F9F20BCD893003EC4FC /* AppDelegate.h */ = {isa = PBXFileReference; lastKnownFileType = sourcecode.c.h; path = AppDelegate.h; sourceTree = "<group>"; };
		4C3F8FA020BCD893003EC4FC /* AppDelegate.m */ = {isa = PBXFileReference; lastKnownFileType = sourcecode.c.objc; path = AppDelegate.m; sourceTree = "<group>"; };
		4C3F8FA620BCD893003EC4FC /* Base */ = {isa = PBXFileReference; lastKnownFileType = file.storyboard; name = Base; path = Base.lproj/Main.storyboard; sourceTree = "<group>"; };
		4C3F8FA820BCD894003EC4FC /* Assets.xcassets */ = {isa = PBXFileReference; lastKnownFileType = folder.assetcatalog; path = Assets.xcassets; sourceTree = "<group>"; };
		4C3F8FAB20BCD894003EC4FC /* Base */ = {isa = PBXFileReference; lastKnownFileType = file.storyboard; name = Base; path = Base.lproj/LaunchScreen.storyboard; sourceTree = "<group>"; };
		4C3F8FAD20BCD894003EC4FC /* Info.plist */ = {isa = PBXFileReference; lastKnownFileType = text.plist.xml; path = Info.plist; sourceTree = "<group>"; };
		4C3F8FAE20BCD894003EC4FC /* main.m */ = {isa = PBXFileReference; lastKnownFileType = sourcecode.c.objc; path = main.m; sourceTree = "<group>"; };
		4C3F8FB420BCD895003EC4FC /* SinoNewsTests.xctest */ = {isa = PBXFileReference; explicitFileType = wrapper.cfbundle; includeInIndex = 0; path = SinoNewsTests.xctest; sourceTree = BUILT_PRODUCTS_DIR; };
		4C3F8FB820BCD895003EC4FC /* SinoNewsTests.m */ = {isa = PBXFileReference; lastKnownFileType = sourcecode.c.objc; path = SinoNewsTests.m; sourceTree = "<group>"; };
		4C3F8FBA20BCD895003EC4FC /* Info.plist */ = {isa = PBXFileReference; lastKnownFileType = text.plist.xml; path = Info.plist; sourceTree = "<group>"; };
		4C3F8FBF20BCD895003EC4FC /* SinoNewsUITests.xctest */ = {isa = PBXFileReference; explicitFileType = wrapper.cfbundle; includeInIndex = 0; path = SinoNewsUITests.xctest; sourceTree = BUILT_PRODUCTS_DIR; };
		4C3F8FC320BCD895003EC4FC /* SinoNewsUITests.m */ = {isa = PBXFileReference; lastKnownFileType = sourcecode.c.objc; path = SinoNewsUITests.m; sourceTree = "<group>"; };
		4C3F8FC520BCD895003EC4FC /* Info.plist */ = {isa = PBXFileReference; lastKnownFileType = text.plist.xml; path = Info.plist; sourceTree = "<group>"; };
		4C3F8FD720BCDCE8003EC4FC /* BaseConfiguration.pch */ = {isa = PBXFileReference; lastKnownFileType = sourcecode.c.h; path = BaseConfiguration.pch; sourceTree = "<group>"; };
		4C3F8FE420BCE5D1003EC4FC /* NetQuestList.h */ = {isa = PBXFileReference; lastKnownFileType = sourcecode.c.h; path = NetQuestList.h; sourceTree = "<group>"; };
		4C3F8FE520BCE625003EC4FC /* HomePageNet.h */ = {isa = PBXFileReference; lastKnownFileType = sourcecode.c.h; path = HomePageNet.h; sourceTree = "<group>"; };
		4C3F8FE620BCE63B003EC4FC /* AttentionNet.h */ = {isa = PBXFileReference; lastKnownFileType = sourcecode.c.h; path = AttentionNet.h; sourceTree = "<group>"; };
		4C3F8FE720BCE648003EC4FC /* RankingListNet.h */ = {isa = PBXFileReference; lastKnownFileType = sourcecode.c.h; path = RankingListNet.h; sourceTree = "<group>"; };
		4C3F8FE820BCE65A003EC4FC /* IntegralNet.h */ = {isa = PBXFileReference; lastKnownFileType = sourcecode.c.h; path = IntegralNet.h; sourceTree = "<group>"; };
		4C3F8FE920BCE664003EC4FC /* MineNet.h */ = {isa = PBXFileReference; lastKnownFileType = sourcecode.c.h; path = MineNet.h; sourceTree = "<group>"; };
		4C3F8FEB20BCEF09003EC4FC /* HomePageViewController.h */ = {isa = PBXFileReference; lastKnownFileType = sourcecode.c.h; path = HomePageViewController.h; sourceTree = "<group>"; };
		4C3F8FEC20BCEF09003EC4FC /* HomePageViewController.m */ = {isa = PBXFileReference; lastKnownFileType = sourcecode.c.objc; path = HomePageViewController.m; sourceTree = "<group>"; };
		4C3F8FEE20BCEF1A003EC4FC /* AttentionViewController.h */ = {isa = PBXFileReference; lastKnownFileType = sourcecode.c.h; path = AttentionViewController.h; sourceTree = "<group>"; };
		4C3F8FEF20BCEF1A003EC4FC /* AttentionViewController.m */ = {isa = PBXFileReference; lastKnownFileType = sourcecode.c.objc; path = AttentionViewController.m; sourceTree = "<group>"; };
		4C3F8FF120BCEF27003EC4FC /* RankViewController.h */ = {isa = PBXFileReference; lastKnownFileType = sourcecode.c.h; path = RankViewController.h; sourceTree = "<group>"; };
		4C3F8FF220BCEF27003EC4FC /* RankViewController.m */ = {isa = PBXFileReference; lastKnownFileType = sourcecode.c.objc; path = RankViewController.m; sourceTree = "<group>"; };
		4C3F8FF420BCEF3C003EC4FC /* IntegralViewController.h */ = {isa = PBXFileReference; lastKnownFileType = sourcecode.c.h; path = IntegralViewController.h; sourceTree = "<group>"; };
		4C3F8FF520BCEF3C003EC4FC /* IntegralViewController.m */ = {isa = PBXFileReference; lastKnownFileType = sourcecode.c.objc; path = IntegralViewController.m; sourceTree = "<group>"; };
		4C3F8FF720BCEF45003EC4FC /* MineViewController.h */ = {isa = PBXFileReference; lastKnownFileType = sourcecode.c.h; path = MineViewController.h; sourceTree = "<group>"; };
		4C3F8FF820BCEF45003EC4FC /* MineViewController.m */ = {isa = PBXFileReference; lastKnownFileType = sourcecode.c.objc; path = MineViewController.m; sourceTree = "<group>"; };
		4C3F8FFC20BCF7D8003EC4FC /* BaseNavigationVC.h */ = {isa = PBXFileReference; lastKnownFileType = sourcecode.c.h; path = BaseNavigationVC.h; sourceTree = "<group>"; };
		4C3F8FFD20BCF7D8003EC4FC /* BaseNavigationVC.m */ = {isa = PBXFileReference; lastKnownFileType = sourcecode.c.objc; path = BaseNavigationVC.m; sourceTree = "<group>"; };
		4C3F8FFF20BCF7EB003EC4FC /* BaseViewController.h */ = {isa = PBXFileReference; lastKnownFileType = sourcecode.c.h; path = BaseViewController.h; sourceTree = "<group>"; };
		4C3F900020BCF7EB003EC4FC /* BaseViewController.m */ = {isa = PBXFileReference; lastKnownFileType = sourcecode.c.objc; path = BaseViewController.m; sourceTree = "<group>"; };
		4C3F900220BCF802003EC4FC /* BaseTableView.h */ = {isa = PBXFileReference; lastKnownFileType = sourcecode.c.h; path = BaseTableView.h; sourceTree = "<group>"; };
		4C3F900320BCF802003EC4FC /* BaseTableView.m */ = {isa = PBXFileReference; lastKnownFileType = sourcecode.c.objc; path = BaseTableView.m; sourceTree = "<group>"; };
		4C3F900720BCFA84003EC4FC /* UIColor+Hex.h */ = {isa = PBXFileReference; lastKnownFileType = sourcecode.c.h; path = "UIColor+Hex.h"; sourceTree = "<group>"; };
		4C3F900820BCFA84003EC4FC /* UIColor+Hex.m */ = {isa = PBXFileReference; lastKnownFileType = sourcecode.c.objc; path = "UIColor+Hex.m"; sourceTree = "<group>"; };
		4C3F900B20BCFC3F003EC4FC /* UIBarButtonItem+integration.h */ = {isa = PBXFileReference; lastKnownFileType = sourcecode.c.h; path = "UIBarButtonItem+integration.h"; sourceTree = "<group>"; };
		4C3F900C20BCFC3F003EC4FC /* UIBarButtonItem+integration.m */ = {isa = PBXFileReference; lastKnownFileType = sourcecode.c.objc; path = "UIBarButtonItem+integration.m"; sourceTree = "<group>"; };
		4C3F900E20BCFDC2003EC4FC /* UIButton+ImageTitleSpacing.h */ = {isa = PBXFileReference; lastKnownFileType = sourcecode.c.h; path = "UIButton+ImageTitleSpacing.h"; sourceTree = "<group>"; };
		4C3F900F20BCFDC2003EC4FC /* UIButton+ImageTitleSpacing.m */ = {isa = PBXFileReference; lastKnownFileType = sourcecode.c.objc; path = "UIButton+ImageTitleSpacing.m"; sourceTree = "<group>"; };
		4C3F901120BCFE8A003EC4FC /* UIButton+countDown.h */ = {isa = PBXFileReference; lastKnownFileType = sourcecode.c.h; path = "UIButton+countDown.h"; sourceTree = "<group>"; };
		4C3F901220BCFE8A003EC4FC /* UIButton+countDown.m */ = {isa = PBXFileReference; lastKnownFileType = sourcecode.c.objc; path = "UIButton+countDown.m"; sourceTree = "<group>"; };
		4C3F901720BCFF01003EC4FC /* ToolsHeader.h */ = {isa = PBXFileReference; lastKnownFileType = sourcecode.c.h; path = ToolsHeader.h; sourceTree = "<group>"; };
		4C3F901920BD006C003EC4FC /* UIImage+Util.h */ = {isa = PBXFileReference; lastKnownFileType = sourcecode.c.h; path = "UIImage+Util.h"; sourceTree = "<group>"; };
		4C3F901A20BD006C003EC4FC /* UIImage+Util.m */ = {isa = PBXFileReference; lastKnownFileType = sourcecode.c.objc; path = "UIImage+Util.m"; sourceTree = "<group>"; };
		4C3F901C20BD0190003EC4FC /* MainTabbarVC.h */ = {isa = PBXFileReference; lastKnownFileType = sourcecode.c.h; path = MainTabbarVC.h; sourceTree = "<group>"; };
		4C3F901D20BD0190003EC4FC /* MainTabbarVC.m */ = {isa = PBXFileReference; lastKnownFileType = sourcecode.c.objc; path = MainTabbarVC.m; sourceTree = "<group>"; };
		4C3F902120BD1CD6003EC4FC /* MLMSegmentManager.m */ = {isa = PBXFileReference; fileEncoding = 4; lastKnownFileType = sourcecode.c.objc; path = MLMSegmentManager.m; sourceTree = "<group>"; };
		4C3F902220BD1CD6003EC4FC /* MLMSegmentHead.m */ = {isa = PBXFileReference; fileEncoding = 4; lastKnownFileType = sourcecode.c.objc; path = MLMSegmentHead.m; sourceTree = "<group>"; };
		4C3F902320BD1CD6003EC4FC /* UIView+ViewController.m */ = {isa = PBXFileReference; fileEncoding = 4; lastKnownFileType = sourcecode.c.objc; path = "UIView+ViewController.m"; sourceTree = "<group>"; };
		4C3F902420BD1CD6003EC4FC /* MLMSegmentScroll.m */ = {isa = PBXFileReference; fileEncoding = 4; lastKnownFileType = sourcecode.c.objc; path = MLMSegmentScroll.m; sourceTree = "<group>"; };
		4C3F902520BD1CD6003EC4FC /* UIView+EasyFrame.m */ = {isa = PBXFileReference; fileEncoding = 4; lastKnownFileType = sourcecode.c.objc; path = "UIView+EasyFrame.m"; sourceTree = "<group>"; };
		4C3F902620BD1CD6003EC4FC /* SegmentPageHead.h */ = {isa = PBXFileReference; fileEncoding = 4; lastKnownFileType = sourcecode.c.h; path = SegmentPageHead.h; sourceTree = "<group>"; };
		4C3F902720BD1CD6003EC4FC /* MLMSegmentHead.h */ = {isa = PBXFileReference; fileEncoding = 4; lastKnownFileType = sourcecode.c.h; path = MLMSegmentHead.h; sourceTree = "<group>"; };
		4C3F902820BD1CD6003EC4FC /* UIView+ViewController.h */ = {isa = PBXFileReference; fileEncoding = 4; lastKnownFileType = sourcecode.c.h; path = "UIView+ViewController.h"; sourceTree = "<group>"; };
		4C3F902920BD1CD6003EC4FC /* MLMSegmentManager.h */ = {isa = PBXFileReference; fileEncoding = 4; lastKnownFileType = sourcecode.c.h; path = MLMSegmentManager.h; sourceTree = "<group>"; };
		4C3F902A20BD1CD6003EC4FC /* UIView+EasyFrame.h */ = {isa = PBXFileReference; fileEncoding = 4; lastKnownFileType = sourcecode.c.h; path = "UIView+EasyFrame.h"; sourceTree = "<group>"; };
		4C3F902B20BD1CD6003EC4FC /* MLMSegmentScroll.h */ = {isa = PBXFileReference; fileEncoding = 4; lastKnownFileType = sourcecode.c.h; path = MLMSegmentScroll.h; sourceTree = "<group>"; };
		4C3F903120BD1D23003EC4FC /* DefinedHeader.h */ = {isa = PBXFileReference; lastKnownFileType = sourcecode.c.h; path = DefinedHeader.h; sourceTree = "<group>"; };
		4C3F903220BD1EB7003EC4FC /* HomePageChildVCViewController.h */ = {isa = PBXFileReference; lastKnownFileType = sourcecode.c.h; path = HomePageChildVCViewController.h; sourceTree = "<group>"; };
		4C3F903320BD1EB7003EC4FC /* HomePageChildVCViewController.m */ = {isa = PBXFileReference; lastKnownFileType = sourcecode.c.objc; path = HomePageChildVCViewController.m; sourceTree = "<group>"; };
		4C3F903520BD2D10003EC4FC /* YXHeader.h */ = {isa = PBXFileReference; lastKnownFileType = sourcecode.c.h; path = YXHeader.h; sourceTree = "<group>"; };
		4C3F903620BD2D10003EC4FC /* YXHeader.m */ = {isa = PBXFileReference; lastKnownFileType = sourcecode.c.objc; path = YXHeader.m; sourceTree = "<group>"; };
		4C3F903920BD2EDF003EC4FC /* HttpRequest.h */ = {isa = PBXFileReference; lastKnownFileType = sourcecode.c.h; path = HttpRequest.h; sourceTree = "<group>"; };
		4C3F903A20BD2EDF003EC4FC /* HttpRequest.m */ = {isa = PBXFileReference; lastKnownFileType = sourcecode.c.objc; path = HttpRequest.m; sourceTree = "<group>"; };
		4C3F903D20BD40BA003EC4FC /* PGCustomBannerView.m */ = {isa = PBXFileReference; fileEncoding = 4; lastKnownFileType = sourcecode.c.objc; path = PGCustomBannerView.m; sourceTree = "<group>"; };
		4C3F903E20BD40BA003EC4FC /* PGCustomBannerView.h */ = {isa = PBXFileReference; fileEncoding = 4; lastKnownFileType = sourcecode.c.h; path = PGCustomBannerView.h; sourceTree = "<group>"; };
		4C3F904120BD40D7003EC4FC /* PGIndexBannerSubiew.m */ = {isa = PBXFileReference; fileEncoding = 4; lastKnownFileType = sourcecode.c.objc; path = PGIndexBannerSubiew.m; sourceTree = "<group>"; };
		4C3F904220BD40D7003EC4FC /* NewPagedFlowView.m */ = {isa = PBXFileReference; fileEncoding = 4; lastKnownFileType = sourcecode.c.objc; path = NewPagedFlowView.m; sourceTree = "<group>"; };
		4C3F904320BD40D7003EC4FC /* PGIndexBannerSubiew.h */ = {isa = PBXFileReference; fileEncoding = 4; lastKnownFileType = sourcecode.c.h; path = PGIndexBannerSubiew.h; sourceTree = "<group>"; };
		4C3F904420BD40D7003EC4FC /* NewPagedFlowView.h */ = {isa = PBXFileReference; fileEncoding = 4; lastKnownFileType = sourcecode.c.h; path = NewPagedFlowView.h; sourceTree = "<group>"; };
		4C3F904720BD4177003EC4FC /* HeadBannerView.h */ = {isa = PBXFileReference; lastKnownFileType = sourcecode.c.h; path = HeadBannerView.h; sourceTree = "<group>"; };
		4C3F904820BD4177003EC4FC /* HeadBannerView.m */ = {isa = PBXFileReference; lastKnownFileType = sourcecode.c.objc; path = HeadBannerView.m; sourceTree = "<group>"; };
		4C3F904A20BD58C8003EC4FC /* LWDPageControl.h */ = {isa = PBXFileReference; fileEncoding = 4; lastKnownFileType = sourcecode.c.h; path = LWDPageControl.h; sourceTree = "<group>"; };
		4C3F904B20BD58C8003EC4FC /* LWDPageControl.m */ = {isa = PBXFileReference; fileEncoding = 4; lastKnownFileType = sourcecode.c.objc; path = LWDPageControl.m; sourceTree = "<group>"; };
		4C3F904D20BD7048003EC4FC /* HomePageFirstKindCell.h */ = {isa = PBXFileReference; lastKnownFileType = sourcecode.c.h; path = HomePageFirstKindCell.h; sourceTree = "<group>"; };
		4C3F904E20BD7048003EC4FC /* HomePageFirstKindCell.m */ = {isa = PBXFileReference; lastKnownFileType = sourcecode.c.objc; path = HomePageFirstKindCell.m; sourceTree = "<group>"; };
		4C3F905020BD7075003EC4FC /* HomePageSecondKindCell.h */ = {isa = PBXFileReference; lastKnownFileType = sourcecode.c.h; path = HomePageSecondKindCell.h; sourceTree = "<group>"; };
		4C3F905120BD7075003EC4FC /* HomePageSecondKindCell.m */ = {isa = PBXFileReference; lastKnownFileType = sourcecode.c.objc; path = HomePageSecondKindCell.m; sourceTree = "<group>"; };
		4C3F905320BD7082003EC4FC /* HomePageThirdKindCell.h */ = {isa = PBXFileReference; lastKnownFileType = sourcecode.c.h; path = HomePageThirdKindCell.h; sourceTree = "<group>"; };
		4C3F905420BD7082003EC4FC /* HomePageThirdKindCell.m */ = {isa = PBXFileReference; lastKnownFileType = sourcecode.c.objc; path = HomePageThirdKindCell.m; sourceTree = "<group>"; };
		4C3F905720BD7102003EC4FC /* HomePageModel.h */ = {isa = PBXFileReference; lastKnownFileType = sourcecode.c.h; path = HomePageModel.h; sourceTree = "<group>"; };
		4C3F905820BD7102003EC4FC /* HomePageModel.m */ = {isa = PBXFileReference; lastKnownFileType = sourcecode.c.objc; path = HomePageModel.m; sourceTree = "<group>"; };
		4C83E64120BFE32C00C99AAB /* LineLayout.h */ = {isa = PBXFileReference; fileEncoding = 4; lastKnownFileType = sourcecode.c.h; path = LineLayout.h; sourceTree = "<group>"; };
		4C83E64220BFE32C00C99AAB /* LineLayout.m */ = {isa = PBXFileReference; fileEncoding = 4; lastKnownFileType = sourcecode.c.objc; path = LineLayout.m; sourceTree = "<group>"; };
		4C83E64420BFE37800C99AAB /* LineCollectionViewCell.h */ = {isa = PBXFileReference; fileEncoding = 4; lastKnownFileType = sourcecode.c.h; path = LineCollectionViewCell.h; sourceTree = "<group>"; };
		4C83E64520BFE37800C99AAB /* LineCollectionViewCell.m */ = {isa = PBXFileReference; fileEncoding = 4; lastKnownFileType = sourcecode.c.objc; path = LineCollectionViewCell.m; sourceTree = "<group>"; };
		4C83E64920BFFA6C00C99AAB /* YXNormalHeader.h */ = {isa = PBXFileReference; lastKnownFileType = sourcecode.c.h; path = YXNormalHeader.h; sourceTree = "<group>"; };
		4C83E64A20BFFA6C00C99AAB /* YXNormalHeader.m */ = {isa = PBXFileReference; lastKnownFileType = sourcecode.c.objc; path = YXNormalHeader.m; sourceTree = "<group>"; };
		4C83E64C20BFFB3100C99AAB /* YXGifHeader.h */ = {isa = PBXFileReference; lastKnownFileType = sourcecode.c.h; path = YXGifHeader.h; sourceTree = "<group>"; };
		4C83E64D20BFFB3100C99AAB /* YXGifHeader.m */ = {isa = PBXFileReference; lastKnownFileType = sourcecode.c.objc; path = YXGifHeader.m; sourceTree = "<group>"; };
		4C83E64F20BFFB9C00C99AAB /* YXAutoNormalFooter.h */ = {isa = PBXFileReference; lastKnownFileType = sourcecode.c.h; path = YXAutoNormalFooter.h; sourceTree = "<group>"; };
		4C83E65020BFFB9C00C99AAB /* YXAutoNormalFooter.m */ = {isa = PBXFileReference; lastKnownFileType = sourcecode.c.objc; path = YXAutoNormalFooter.m; sourceTree = "<group>"; };
		4C83E65220BFFD4E00C99AAB /* CustomRefreshHead.h */ = {isa = PBXFileReference; lastKnownFileType = sourcecode.c.h; path = CustomRefreshHead.h; sourceTree = "<group>"; };
		4C8735EA20BE8CC700B6A8B5 /* XLChannelControl.m */ = {isa = PBXFileReference; fileEncoding = 4; lastKnownFileType = sourcecode.c.objc; path = XLChannelControl.m; sourceTree = "<group>"; };
		4C8735EB20BE8CC700B6A8B5 /* XLChannelView.h */ = {isa = PBXFileReference; fileEncoding = 4; lastKnownFileType = sourcecode.c.h; path = XLChannelView.h; sourceTree = "<group>"; };
		4C8735EC20BE8CC700B6A8B5 /* XLChannelHeader.h */ = {isa = PBXFileReference; fileEncoding = 4; lastKnownFileType = sourcecode.c.h; path = XLChannelHeader.h; sourceTree = "<group>"; };
		4C8735ED20BE8CC700B6A8B5 /* XLChannelItem.h */ = {isa = PBXFileReference; fileEncoding = 4; lastKnownFileType = sourcecode.c.h; path = XLChannelItem.h; sourceTree = "<group>"; };
		4C8735EE20BE8CC700B6A8B5 /* XLChannelHeader.m */ = {isa = PBXFileReference; fileEncoding = 4; lastKnownFileType = sourcecode.c.objc; path = XLChannelHeader.m; sourceTree = "<group>"; };
		4C8735EF20BE8CC700B6A8B5 /* XLChannelView.m */ = {isa = PBXFileReference; fileEncoding = 4; lastKnownFileType = sourcecode.c.objc; path = XLChannelView.m; sourceTree = "<group>"; };
		4C8735F020BE8CC700B6A8B5 /* XLChannelControl.h */ = {isa = PBXFileReference; fileEncoding = 4; lastKnownFileType = sourcecode.c.h; path = XLChannelControl.h; sourceTree = "<group>"; };
		4C8735F120BE8CC700B6A8B5 /* XLChannelItem.m */ = {isa = PBXFileReference; fileEncoding = 4; lastKnownFileType = sourcecode.c.objc; path = XLChannelItem.m; sourceTree = "<group>"; };
		4C8735F220BE8CC700B6A8B5 /* delete@2x.png */ = {isa = PBXFileReference; lastKnownFileType = image.png; path = "delete@2x.png"; sourceTree = "<group>"; };
		4C8735F320BE8CC700B6A8B5 /* delete@3x.png */ = {isa = PBXFileReference; lastKnownFileType = image.png; path = "delete@3x.png"; sourceTree = "<group>"; };
		4C8735FB20BE92BD00B6A8B5 /* NSArray+compare.h */ = {isa = PBXFileReference; lastKnownFileType = sourcecode.c.h; path = "NSArray+compare.h"; sourceTree = "<group>"; };
		4C8735FC20BE92BD00B6A8B5 /* NSArray+compare.m */ = {isa = PBXFileReference; lastKnownFileType = sourcecode.c.objc; path = "NSArray+compare.m"; sourceTree = "<group>"; };
		4C8735FE20BE9F4600B6A8B5 /* SearchViewController.h */ = {isa = PBXFileReference; lastKnownFileType = sourcecode.c.h; path = SearchViewController.h; sourceTree = "<group>"; };
		4C8735FF20BE9F4600B6A8B5 /* SearchViewController.m */ = {isa = PBXFileReference; lastKnownFileType = sourcecode.c.objc; path = SearchViewController.m; sourceTree = "<group>"; };
		4C87360120BEAB4F00B6A8B5 /* SearchCollectionViewCell.h */ = {isa = PBXFileReference; lastKnownFileType = sourcecode.c.h; path = SearchCollectionViewCell.h; sourceTree = "<group>"; };
		4C87360220BEAB4F00B6A8B5 /* SearchCollectionViewCell.m */ = {isa = PBXFileReference; lastKnownFileType = sourcecode.c.objc; path = SearchCollectionViewCell.m; sourceTree = "<group>"; };
		4C87360420BEABB700B6A8B5 /* SearchHeadReusableView.h */ = {isa = PBXFileReference; lastKnownFileType = sourcecode.c.h; path = SearchHeadReusableView.h; sourceTree = "<group>"; };
		4C87360520BEABB700B6A8B5 /* SearchHeadReusableView.m */ = {isa = PBXFileReference; lastKnownFileType = sourcecode.c.objc; path = SearchHeadReusableView.m; sourceTree = "<group>"; };
		4CE121CD20C00A6400A44782 /* RankDetailViewController.h */ = {isa = PBXFileReference; lastKnownFileType = sourcecode.c.h; path = RankDetailViewController.h; sourceTree = "<group>"; };
		4CE121CE20C00A6400A44782 /* RankDetailViewController.m */ = {isa = PBXFileReference; lastKnownFileType = sourcecode.c.objc; path = RankDetailViewController.m; sourceTree = "<group>"; };
		4CE121D120C0148700A44782 /* NSObject+DLClass.h */ = {isa = PBXFileReference; fileEncoding = 4; lastKnownFileType = sourcecode.c.h; path = "NSObject+DLClass.h"; sourceTree = "<group>"; };
		4CE121D220C0148700A44782 /* NSObject+DLClass.m */ = {isa = PBXFileReference; fileEncoding = 4; lastKnownFileType = sourcecode.c.objc; path = "NSObject+DLClass.m"; sourceTree = "<group>"; };
		4CE121D320C0148700A44782 /* DLogGlobal.h */ = {isa = PBXFileReference; fileEncoding = 4; lastKnownFileType = sourcecode.c.h; path = DLogGlobal.h; sourceTree = "<group>"; };
		77EB69E77DBE7E97F1DCB40A /* Pods-SinoNewsUITests.debug.xcconfig */ = {isa = PBXFileReference; includeInIndex = 1; lastKnownFileType = text.xcconfig; name = "Pods-SinoNewsUITests.debug.xcconfig"; path = "Pods/Target Support Files/Pods-SinoNewsUITests/Pods-SinoNewsUITests.debug.xcconfig"; sourceTree = "<group>"; };
		C00DCA27A29C1D234268191D /* Pods-SinoNewsTests.release.xcconfig */ = {isa = PBXFileReference; includeInIndex = 1; lastKnownFileType = text.xcconfig; name = "Pods-SinoNewsTests.release.xcconfig"; path = "Pods/Target Support Files/Pods-SinoNewsTests/Pods-SinoNewsTests.release.xcconfig"; sourceTree = "<group>"; };
		C67A7916C77F66D5F17746EB /* Pods-SinoNews.debug.xcconfig */ = {isa = PBXFileReference; includeInIndex = 1; lastKnownFileType = text.xcconfig; name = "Pods-SinoNews.debug.xcconfig"; path = "Pods/Target Support Files/Pods-SinoNews/Pods-SinoNews.debug.xcconfig"; sourceTree = "<group>"; };
		D69314950BB7E3C85B4BA6CF /* libPods-SinoNewsUITests.a */ = {isa = PBXFileReference; explicitFileType = archive.ar; includeInIndex = 0; path = "libPods-SinoNewsUITests.a"; sourceTree = BUILT_PRODUCTS_DIR; };
		E3E31EC7E2B3BA1E8939B8FC /* Pods-SinoNewsTests.debug.xcconfig */ = {isa = PBXFileReference; includeInIndex = 1; lastKnownFileType = text.xcconfig; name = "Pods-SinoNewsTests.debug.xcconfig"; path = "Pods/Target Support Files/Pods-SinoNewsTests/Pods-SinoNewsTests.debug.xcconfig"; sourceTree = "<group>"; };
		E95A22999BE9F172C21BD99F /* libPods-SinoNews.a */ = {isa = PBXFileReference; explicitFileType = archive.ar; includeInIndex = 0; path = "libPods-SinoNews.a"; sourceTree = BUILT_PRODUCTS_DIR; };
		F18AF6A4688D00079DE16EA5 /* Pods-SinoNewsUITests.release.xcconfig */ = {isa = PBXFileReference; includeInIndex = 1; lastKnownFileType = text.xcconfig; name = "Pods-SinoNewsUITests.release.xcconfig"; path = "Pods/Target Support Files/Pods-SinoNewsUITests/Pods-SinoNewsUITests.release.xcconfig"; sourceTree = "<group>"; };
/* End PBXFileReference section */

/* Begin PBXFrameworksBuildPhase section */
		4C3F8F9920BCD893003EC4FC /* Frameworks */ = {
			isa = PBXFrameworksBuildPhase;
			buildActionMask = 2147483647;
			files = (
				61D71A244548924A9C8EE6FF /* libPods-SinoNews.a in Frameworks */,
			);
			runOnlyForDeploymentPostprocessing = 0;
		};
		4C3F8FB120BCD895003EC4FC /* Frameworks */ = {
			isa = PBXFrameworksBuildPhase;
			buildActionMask = 2147483647;
			files = (
				F1A0EB0B0D1454698D15DCF6 /* libPods-SinoNewsTests.a in Frameworks */,
			);
			runOnlyForDeploymentPostprocessing = 0;
		};
		4C3F8FBC20BCD895003EC4FC /* Frameworks */ = {
			isa = PBXFrameworksBuildPhase;
			buildActionMask = 2147483647;
			files = (
				F5D526FA5B4E6F1247E48DEC /* libPods-SinoNewsUITests.a in Frameworks */,
			);
			runOnlyForDeploymentPostprocessing = 0;
		};
/* End PBXFrameworksBuildPhase section */

/* Begin PBXGroup section */
		4C3F8F9320BCD893003EC4FC = {
			isa = PBXGroup;
			children = (
				4C3F8F9E20BCD893003EC4FC /* SinoNews */,
				4C3F8FB720BCD895003EC4FC /* SinoNewsTests */,
				4C3F8FC220BCD895003EC4FC /* SinoNewsUITests */,
				4C3F8F9D20BCD893003EC4FC /* Products */,
				AD2679BAFEEEFCD841C6B2C5 /* Pods */,
				D713DEE0ADA588400E4230AD /* Frameworks */,
			);
			sourceTree = "<group>";
		};
		4C3F8F9D20BCD893003EC4FC /* Products */ = {
			isa = PBXGroup;
			children = (
				4C3F8F9C20BCD893003EC4FC /* SinoNews.app */,
				4C3F8FB420BCD895003EC4FC /* SinoNewsTests.xctest */,
				4C3F8FBF20BCD895003EC4FC /* SinoNewsUITests.xctest */,
			);
			name = Products;
			sourceTree = "<group>";
		};
		4C3F8F9E20BCD893003EC4FC /* SinoNews */ = {
			isa = PBXGroup;
			children = (
				4C3F8FA820BCD894003EC4FC /* Assets.xcassets */,
				4C3F903820BD2EBF003EC4FC /* NetworkRequest */,
				4C3F8FD520BCDC13003EC4FC /* ThirdFramwork */,
				4C3F8FD420BCDC0C003EC4FC /* Class */,
				4C3F8FD620BCDCAB003EC4FC /* DefinedFile */,
				4C3F8FD120BCD9FB003EC4FC /* MainFile */,
			);
			path = SinoNews;
			sourceTree = "<group>";
		};
		4C3F8FB720BCD895003EC4FC /* SinoNewsTests */ = {
			isa = PBXGroup;
			children = (
				4C3F8FB820BCD895003EC4FC /* SinoNewsTests.m */,
				4C3F8FBA20BCD895003EC4FC /* Info.plist */,
			);
			path = SinoNewsTests;
			sourceTree = "<group>";
		};
		4C3F8FC220BCD895003EC4FC /* SinoNewsUITests */ = {
			isa = PBXGroup;
			children = (
				4C3F8FC320BCD895003EC4FC /* SinoNewsUITests.m */,
				4C3F8FC520BCD895003EC4FC /* Info.plist */,
			);
			path = SinoNewsUITests;
			sourceTree = "<group>";
		};
		4C3F8FD120BCD9FB003EC4FC /* MainFile */ = {
			isa = PBXGroup;
			children = (
				4C3F8F9F20BCD893003EC4FC /* AppDelegate.h */,
				4C3F8FA020BCD893003EC4FC /* AppDelegate.m */,
				4C3F8FA520BCD893003EC4FC /* Main.storyboard */,
				4C3F8FAA20BCD894003EC4FC /* LaunchScreen.storyboard */,
				4C3F8FAD20BCD894003EC4FC /* Info.plist */,
				4C3F8FAE20BCD894003EC4FC /* main.m */,
			);
			path = MainFile;
			sourceTree = "<group>";
		};
		4C3F8FD420BCDC0C003EC4FC /* Class */ = {
			isa = PBXGroup;
			children = (
				4C3F8FFA20BCF792003EC4FC /* BaseClass */,
				4C3F8FD820BCDDFE003EC4FC /* HomePage */,
				4C3F8FD920BCDF5C003EC4FC /* Attention */,
				4C3F8FDA20BCDF79003EC4FC /* RankingList */,
				4C3F8FDB20BCDF99003EC4FC /* Integral */,
				4C3F8FDC20BCDFB5003EC4FC /* Mine */,
			);
			path = Class;
			sourceTree = "<group>";
		};
		4C3F8FD520BCDC13003EC4FC /* ThirdFramwork */ = {
			isa = PBXGroup;
			children = (
				4C3F901F20BD1C5D003EC4FC /* otherframework */,
				4C3F900620BCFA5D003EC4FC /* tools */,
			);
			path = ThirdFramwork;
			sourceTree = "<group>";
		};
		4C3F8FD620BCDCAB003EC4FC /* DefinedFile */ = {
			isa = PBXGroup;
			children = (
				4C3F8FD720BCDCE8003EC4FC /* BaseConfiguration.pch */,
				4C3F903120BD1D23003EC4FC /* DefinedHeader.h */,
				4C3F8FE420BCE5D1003EC4FC /* NetQuestList.h */,
				4C3F8FE520BCE625003EC4FC /* HomePageNet.h */,
				4C3F8FE620BCE63B003EC4FC /* AttentionNet.h */,
				4C3F8FE720BCE648003EC4FC /* RankingListNet.h */,
				4C3F8FE820BCE65A003EC4FC /* IntegralNet.h */,
				4C3F8FE920BCE664003EC4FC /* MineNet.h */,
			);
			path = DefinedFile;
			sourceTree = "<group>";
		};
		4C3F8FD820BCDDFE003EC4FC /* HomePage */ = {
			isa = PBXGroup;
			children = (
				4C3F8FEB20BCEF09003EC4FC /* HomePageViewController.h */,
				4C3F8FEC20BCEF09003EC4FC /* HomePageViewController.m */,
				4C3F903220BD1EB7003EC4FC /* HomePageChildVCViewController.h */,
				4C3F903320BD1EB7003EC4FC /* HomePageChildVCViewController.m */,
				4C8735FE20BE9F4600B6A8B5 /* SearchViewController.h */,
				4C8735FF20BE9F4600B6A8B5 /* SearchViewController.m */,
				4C3F905620BD70E8003EC4FC /* Model */,
				4C3F903C20BD4092003EC4FC /* View */,
			);
			path = HomePage;
			sourceTree = "<group>";
		};
		4C3F8FD920BCDF5C003EC4FC /* Attention */ = {
			isa = PBXGroup;
			children = (
				4C3F8FEE20BCEF1A003EC4FC /* AttentionViewController.h */,
				4C3F8FEF20BCEF1A003EC4FC /* AttentionViewController.m */,
			);
			path = Attention;
			sourceTree = "<group>";
		};
		4C3F8FDA20BCDF79003EC4FC /* RankingList */ = {
			isa = PBXGroup;
			children = (
				4C3F8FF120BCEF27003EC4FC /* RankViewController.h */,
				4C3F8FF220BCEF27003EC4FC /* RankViewController.m */,
				4CE121CD20C00A6400A44782 /* RankDetailViewController.h */,
				4CE121CE20C00A6400A44782 /* RankDetailViewController.m */,
				4C83E64020BFE30200C99AAB /* View */,
			);
			path = RankingList;
			sourceTree = "<group>";
		};
		4C3F8FDB20BCDF99003EC4FC /* Integral */ = {
			isa = PBXGroup;
			children = (
				4C3F8FF420BCEF3C003EC4FC /* IntegralViewController.h */,
				4C3F8FF520BCEF3C003EC4FC /* IntegralViewController.m */,
			);
			path = Integral;
			sourceTree = "<group>";
		};
		4C3F8FDC20BCDFB5003EC4FC /* Mine */ = {
			isa = PBXGroup;
			children = (
				4C3F8FF720BCEF45003EC4FC /* MineViewController.h */,
				4C3F8FF820BCEF45003EC4FC /* MineViewController.m */,
			);
			path = Mine;
			sourceTree = "<group>";
		};
		4C3F8FFA20BCF792003EC4FC /* BaseClass */ = {
			isa = PBXGroup;
			children = (
				4C3F900520BCF807003EC4FC /* BaseView */,
				4C3F8FFB20BCF7AB003EC4FC /* BaseVC */,
			);
			path = BaseClass;
			sourceTree = "<group>";
		};
		4C3F8FFB20BCF7AB003EC4FC /* BaseVC */ = {
			isa = PBXGroup;
			children = (
				4C3F8FFC20BCF7D8003EC4FC /* BaseNavigationVC.h */,
				4C3F8FFD20BCF7D8003EC4FC /* BaseNavigationVC.m */,
				4C3F8FFF20BCF7EB003EC4FC /* BaseViewController.h */,
				4C3F900020BCF7EB003EC4FC /* BaseViewController.m */,
				4C3F901C20BD0190003EC4FC /* MainTabbarVC.h */,
				4C3F901D20BD0190003EC4FC /* MainTabbarVC.m */,
			);
			path = BaseVC;
			sourceTree = "<group>";
		};
		4C3F900520BCF807003EC4FC /* BaseView */ = {
			isa = PBXGroup;
			children = (
				4C3F900220BCF802003EC4FC /* BaseTableView.h */,
				4C3F900320BCF802003EC4FC /* BaseTableView.m */,
			);
			path = BaseView;
			sourceTree = "<group>";
		};
		4C3F900620BCFA5D003EC4FC /* tools */ = {
			isa = PBXGroup;
			children = (
				4C3F901720BCFF01003EC4FC /* ToolsHeader.h */,
				4C3F903520BD2D10003EC4FC /* YXHeader.h */,
				4C3F903620BD2D10003EC4FC /* YXHeader.m */,
				4CE121D020C0148700A44782 /* DLogName_Line */,
				4C83E64820BFFA2B00C99AAB /* CustomRefresh */,
				4C8735FA20BE927B00B6A8B5 /* NSArray */,
				4C3F901820BD0048003EC4FC /* UIImage */,
				4C3F901620BCFEE3003EC4FC /* UIBarButton */,
				4C3F901520BCFED1003EC4FC /* UIColor */,
				4C3F901420BCFEC3003EC4FC /* UIButton */,
			);
			path = tools;
			sourceTree = "<group>";
		};
		4C3F901420BCFEC3003EC4FC /* UIButton */ = {
			isa = PBXGroup;
			children = (
				4C3F900E20BCFDC2003EC4FC /* UIButton+ImageTitleSpacing.h */,
				4C3F900F20BCFDC2003EC4FC /* UIButton+ImageTitleSpacing.m */,
				4C3F901120BCFE8A003EC4FC /* UIButton+countDown.h */,
				4C3F901220BCFE8A003EC4FC /* UIButton+countDown.m */,
			);
			path = UIButton;
			sourceTree = "<group>";
		};
		4C3F901520BCFED1003EC4FC /* UIColor */ = {
			isa = PBXGroup;
			children = (
				4C3F900720BCFA84003EC4FC /* UIColor+Hex.h */,
				4C3F900820BCFA84003EC4FC /* UIColor+Hex.m */,
			);
			path = UIColor;
			sourceTree = "<group>";
		};
		4C3F901620BCFEE3003EC4FC /* UIBarButton */ = {
			isa = PBXGroup;
			children = (
				4C3F900B20BCFC3F003EC4FC /* UIBarButtonItem+integration.h */,
				4C3F900C20BCFC3F003EC4FC /* UIBarButtonItem+integration.m */,
			);
			path = UIBarButton;
			sourceTree = "<group>";
		};
		4C3F901820BD0048003EC4FC /* UIImage */ = {
			isa = PBXGroup;
			children = (
				4C3F901920BD006C003EC4FC /* UIImage+Util.h */,
				4C3F901A20BD006C003EC4FC /* UIImage+Util.m */,
			);
			path = UIImage;
			sourceTree = "<group>";
		};
		4C3F901F20BD1C5D003EC4FC /* otherframework */ = {
			isa = PBXGroup;
			children = (
				4C8735E920BE8CC700B6A8B5 /* XLChannelControl */,
				4C3F904020BD40D7003EC4FC /* NewPagedFlowView */,
				4C3F902020BD1CD6003EC4FC /* MLMSegmentPageView */,
			);
			path = otherframework;
			sourceTree = "<group>";
		};
		4C3F902020BD1CD6003EC4FC /* MLMSegmentPageView */ = {
			isa = PBXGroup;
			children = (
				4C3F902120BD1CD6003EC4FC /* MLMSegmentManager.m */,
				4C3F902220BD1CD6003EC4FC /* MLMSegmentHead.m */,
				4C3F902320BD1CD6003EC4FC /* UIView+ViewController.m */,
				4C3F902420BD1CD6003EC4FC /* MLMSegmentScroll.m */,
				4C3F902520BD1CD6003EC4FC /* UIView+EasyFrame.m */,
				4C3F902620BD1CD6003EC4FC /* SegmentPageHead.h */,
				4C3F902720BD1CD6003EC4FC /* MLMSegmentHead.h */,
				4C3F902820BD1CD6003EC4FC /* UIView+ViewController.h */,
				4C3F902920BD1CD6003EC4FC /* MLMSegmentManager.h */,
				4C3F902A20BD1CD6003EC4FC /* UIView+EasyFrame.h */,
				4C3F902B20BD1CD6003EC4FC /* MLMSegmentScroll.h */,
			);
			path = MLMSegmentPageView;
			sourceTree = "<group>";
		};
		4C3F903820BD2EBF003EC4FC /* NetworkRequest */ = {
			isa = PBXGroup;
			children = (
				4C3F903920BD2EDF003EC4FC /* HttpRequest.h */,
				4C3F903A20BD2EDF003EC4FC /* HttpRequest.m */,
			);
			path = NetworkRequest;
			sourceTree = "<group>";
		};
		4C3F903C20BD4092003EC4FC /* View */ = {
			isa = PBXGroup;
			children = (
				4C3F904720BD4177003EC4FC /* HeadBannerView.h */,
				4C3F904820BD4177003EC4FC /* HeadBannerView.m */,
				4C3F903E20BD40BA003EC4FC /* PGCustomBannerView.h */,
				4C3F903D20BD40BA003EC4FC /* PGCustomBannerView.m */,
				4C3F904D20BD7048003EC4FC /* HomePageFirstKindCell.h */,
				4C3F904E20BD7048003EC4FC /* HomePageFirstKindCell.m */,
				4C3F905020BD7075003EC4FC /* HomePageSecondKindCell.h */,
				4C3F905120BD7075003EC4FC /* HomePageSecondKindCell.m */,
				4C3F905320BD7082003EC4FC /* HomePageThirdKindCell.h */,
				4C3F905420BD7082003EC4FC /* HomePageThirdKindCell.m */,
				4C87360120BEAB4F00B6A8B5 /* SearchCollectionViewCell.h */,
				4C87360220BEAB4F00B6A8B5 /* SearchCollectionViewCell.m */,
				4C87360420BEABB700B6A8B5 /* SearchHeadReusableView.h */,
				4C87360520BEABB700B6A8B5 /* SearchHeadReusableView.m */,
			);
			path = View;
			sourceTree = "<group>";
		};
		4C3F904020BD40D7003EC4FC /* NewPagedFlowView */ = {
			isa = PBXGroup;
			children = (
				4C3F904120BD40D7003EC4FC /* PGIndexBannerSubiew.m */,
				4C3F904320BD40D7003EC4FC /* PGIndexBannerSubiew.h */,
				4C3F904420BD40D7003EC4FC /* NewPagedFlowView.h */,
				4C3F904220BD40D7003EC4FC /* NewPagedFlowView.m */,
				4C3F904A20BD58C8003EC4FC /* LWDPageControl.h */,
				4C3F904B20BD58C8003EC4FC /* LWDPageControl.m */,
			);
			path = NewPagedFlowView;
			sourceTree = "<group>";
		};
		4C3F905620BD70E8003EC4FC /* Model */ = {
			isa = PBXGroup;
			children = (
				4C3F905720BD7102003EC4FC /* HomePageModel.h */,
				4C3F905820BD7102003EC4FC /* HomePageModel.m */,
			);
			path = Model;
			sourceTree = "<group>";
		};
		4C83E64020BFE30200C99AAB /* View */ = {
			isa = PBXGroup;
			children = (
				4C83E64420BFE37800C99AAB /* LineCollectionViewCell.h */,
				4C83E64520BFE37800C99AAB /* LineCollectionViewCell.m */,
				4C83E64120BFE32C00C99AAB /* LineLayout.h */,
				4C83E64220BFE32C00C99AAB /* LineLayout.m */,
			);
			path = View;
			sourceTree = "<group>";
		};
		4C83E64820BFFA2B00C99AAB /* CustomRefresh */ = {
			isa = PBXGroup;
			children = (
				4C83E65220BFFD4E00C99AAB /* CustomRefreshHead.h */,
				4C83E64920BFFA6C00C99AAB /* YXNormalHeader.h */,
				4C83E64A20BFFA6C00C99AAB /* YXNormalHeader.m */,
				4C83E64C20BFFB3100C99AAB /* YXGifHeader.h */,
				4C83E64D20BFFB3100C99AAB /* YXGifHeader.m */,
				4C83E64F20BFFB9C00C99AAB /* YXAutoNormalFooter.h */,
				4C83E65020BFFB9C00C99AAB /* YXAutoNormalFooter.m */,
			);
			path = CustomRefresh;
			sourceTree = "<group>";
		};
		4C8735E920BE8CC700B6A8B5 /* XLChannelControl */ = {
			isa = PBXGroup;
			children = (
				4C8735EA20BE8CC700B6A8B5 /* XLChannelControl.m */,
				4C8735EB20BE8CC700B6A8B5 /* XLChannelView.h */,
				4C8735EC20BE8CC700B6A8B5 /* XLChannelHeader.h */,
				4C8735ED20BE8CC700B6A8B5 /* XLChannelItem.h */,
				4C8735EE20BE8CC700B6A8B5 /* XLChannelHeader.m */,
				4C8735EF20BE8CC700B6A8B5 /* XLChannelView.m */,
				4C8735F020BE8CC700B6A8B5 /* XLChannelControl.h */,
				4C8735F120BE8CC700B6A8B5 /* XLChannelItem.m */,
				4C8735F220BE8CC700B6A8B5 /* delete@2x.png */,
				4C8735F320BE8CC700B6A8B5 /* delete@3x.png */,
			);
			path = XLChannelControl;
			sourceTree = "<group>";
		};
		4C8735FA20BE927B00B6A8B5 /* NSArray */ = {
			isa = PBXGroup;
			children = (
				4C8735FB20BE92BD00B6A8B5 /* NSArray+compare.h */,
				4C8735FC20BE92BD00B6A8B5 /* NSArray+compare.m */,
			);
			path = NSArray;
			sourceTree = "<group>";
		};
		4CE121D020C0148700A44782 /* DLogName_Line */ = {
			isa = PBXGroup;
			children = (
				4CE121D120C0148700A44782 /* NSObject+DLClass.h */,
				4CE121D220C0148700A44782 /* NSObject+DLClass.m */,
				4CE121D320C0148700A44782 /* DLogGlobal.h */,
			);
			path = DLogName_Line;
			sourceTree = "<group>";
		};
		AD2679BAFEEEFCD841C6B2C5 /* Pods */ = {
			isa = PBXGroup;
			children = (
				C67A7916C77F66D5F17746EB /* Pods-SinoNews.debug.xcconfig */,
				1263473AE591A42902DC72C9 /* Pods-SinoNews.release.xcconfig */,
				E3E31EC7E2B3BA1E8939B8FC /* Pods-SinoNewsTests.debug.xcconfig */,
				C00DCA27A29C1D234268191D /* Pods-SinoNewsTests.release.xcconfig */,
				77EB69E77DBE7E97F1DCB40A /* Pods-SinoNewsUITests.debug.xcconfig */,
				F18AF6A4688D00079DE16EA5 /* Pods-SinoNewsUITests.release.xcconfig */,
			);
			name = Pods;
			sourceTree = "<group>";
		};
		D713DEE0ADA588400E4230AD /* Frameworks */ = {
			isa = PBXGroup;
			children = (
				E95A22999BE9F172C21BD99F /* libPods-SinoNews.a */,
				4228366BB3A4B1E9F4A18224 /* libPods-SinoNewsTests.a */,
				D69314950BB7E3C85B4BA6CF /* libPods-SinoNewsUITests.a */,
			);
			name = Frameworks;
			sourceTree = "<group>";
		};
/* End PBXGroup section */

/* Begin PBXNativeTarget section */
		4C3F8F9B20BCD893003EC4FC /* SinoNews */ = {
			isa = PBXNativeTarget;
			buildConfigurationList = 4C3F8FC820BCD895003EC4FC /* Build configuration list for PBXNativeTarget "SinoNews" */;
			buildPhases = (
				4E72CAB11E2387F5786FF82B /* [CP] Check Pods Manifest.lock */,
				4C3F8F9820BCD893003EC4FC /* Sources */,
				4C3F8F9920BCD893003EC4FC /* Frameworks */,
				4C3F8F9A20BCD893003EC4FC /* Resources */,
				E1134CE6230C2E832CFD1362 /* [CP] Copy Pods Resources */,
			);
			buildRules = (
			);
			dependencies = (
			);
			name = SinoNews;
			productName = SinoNews;
			productReference = 4C3F8F9C20BCD893003EC4FC /* SinoNews.app */;
			productType = "com.apple.product-type.application";
		};
		4C3F8FB320BCD895003EC4FC /* SinoNewsTests */ = {
			isa = PBXNativeTarget;
			buildConfigurationList = 4C3F8FCB20BCD895003EC4FC /* Build configuration list for PBXNativeTarget "SinoNewsTests" */;
			buildPhases = (
				F8AD8C33F9EF23C5DF9CA1BC /* [CP] Check Pods Manifest.lock */,
				4C3F8FB020BCD895003EC4FC /* Sources */,
				4C3F8FB120BCD895003EC4FC /* Frameworks */,
				4C3F8FB220BCD895003EC4FC /* Resources */,
			);
			buildRules = (
			);
			dependencies = (
				4C3F8FB620BCD895003EC4FC /* PBXTargetDependency */,
			);
			name = SinoNewsTests;
			productName = SinoNewsTests;
			productReference = 4C3F8FB420BCD895003EC4FC /* SinoNewsTests.xctest */;
			productType = "com.apple.product-type.bundle.unit-test";
		};
		4C3F8FBE20BCD895003EC4FC /* SinoNewsUITests */ = {
			isa = PBXNativeTarget;
			buildConfigurationList = 4C3F8FCE20BCD895003EC4FC /* Build configuration list for PBXNativeTarget "SinoNewsUITests" */;
			buildPhases = (
				3D0D944D6540DDB60107BD9F /* [CP] Check Pods Manifest.lock */,
				4C3F8FBB20BCD895003EC4FC /* Sources */,
				4C3F8FBC20BCD895003EC4FC /* Frameworks */,
				4C3F8FBD20BCD895003EC4FC /* Resources */,
			);
			buildRules = (
			);
			dependencies = (
				4C3F8FC120BCD895003EC4FC /* PBXTargetDependency */,
			);
			name = SinoNewsUITests;
			productName = SinoNewsUITests;
			productReference = 4C3F8FBF20BCD895003EC4FC /* SinoNewsUITests.xctest */;
			productType = "com.apple.product-type.bundle.ui-testing";
		};
/* End PBXNativeTarget section */

/* Begin PBXProject section */
		4C3F8F9420BCD893003EC4FC /* Project object */ = {
			isa = PBXProject;
			attributes = {
				LastUpgradeCheck = 0930;
				ORGANIZATIONNAME = Sino;
				TargetAttributes = {
					4C3F8F9B20BCD893003EC4FC = {
						CreatedOnToolsVersion = 9.3.1;
					};
					4C3F8FB320BCD895003EC4FC = {
						CreatedOnToolsVersion = 9.3.1;
						TestTargetID = 4C3F8F9B20BCD893003EC4FC;
					};
					4C3F8FBE20BCD895003EC4FC = {
						CreatedOnToolsVersion = 9.3.1;
						TestTargetID = 4C3F8F9B20BCD893003EC4FC;
					};
				};
			};
			buildConfigurationList = 4C3F8F9720BCD893003EC4FC /* Build configuration list for PBXProject "SinoNews" */;
			compatibilityVersion = "Xcode 9.3";
			developmentRegion = en;
			hasScannedForEncodings = 0;
			knownRegions = (
				en,
				Base,
			);
			mainGroup = 4C3F8F9320BCD893003EC4FC;
			productRefGroup = 4C3F8F9D20BCD893003EC4FC /* Products */;
			projectDirPath = "";
			projectRoot = "";
			targets = (
				4C3F8F9B20BCD893003EC4FC /* SinoNews */,
				4C3F8FB320BCD895003EC4FC /* SinoNewsTests */,
				4C3F8FBE20BCD895003EC4FC /* SinoNewsUITests */,
			);
		};
/* End PBXProject section */

/* Begin PBXResourcesBuildPhase section */
		4C3F8F9A20BCD893003EC4FC /* Resources */ = {
			isa = PBXResourcesBuildPhase;
			buildActionMask = 2147483647;
			files = (
				4C3F8FAC20BCD894003EC4FC /* LaunchScreen.storyboard in Resources */,
				4C8735F920BE8CC800B6A8B5 /* delete@3x.png in Resources */,
				4C8735F820BE8CC800B6A8B5 /* delete@2x.png in Resources */,
				4C3F8FA920BCD894003EC4FC /* Assets.xcassets in Resources */,
				4C3F8FA720BCD893003EC4FC /* Main.storyboard in Resources */,
			);
			runOnlyForDeploymentPostprocessing = 0;
		};
		4C3F8FB220BCD895003EC4FC /* Resources */ = {
			isa = PBXResourcesBuildPhase;
			buildActionMask = 2147483647;
			files = (
			);
			runOnlyForDeploymentPostprocessing = 0;
		};
		4C3F8FBD20BCD895003EC4FC /* Resources */ = {
			isa = PBXResourcesBuildPhase;
			buildActionMask = 2147483647;
			files = (
			);
			runOnlyForDeploymentPostprocessing = 0;
		};
/* End PBXResourcesBuildPhase section */

/* Begin PBXShellScriptBuildPhase section */
		3D0D944D6540DDB60107BD9F /* [CP] Check Pods Manifest.lock */ = {
			isa = PBXShellScriptBuildPhase;
			buildActionMask = 2147483647;
			files = (
			);
			inputPaths = (
				"${PODS_PODFILE_DIR_PATH}/Podfile.lock",
				"${PODS_ROOT}/Manifest.lock",
			);
			name = "[CP] Check Pods Manifest.lock";
			outputPaths = (
				"$(DERIVED_FILE_DIR)/Pods-SinoNewsUITests-checkManifestLockResult.txt",
			);
			runOnlyForDeploymentPostprocessing = 0;
			shellPath = /bin/sh;
			shellScript = "diff \"${PODS_PODFILE_DIR_PATH}/Podfile.lock\" \"${PODS_ROOT}/Manifest.lock\" > /dev/null\nif [ $? != 0 ] ; then\n    # print error to STDERR\n    echo \"error: The sandbox is not in sync with the Podfile.lock. Run 'pod install' or update your CocoaPods installation.\" >&2\n    exit 1\nfi\n# This output is used by Xcode 'outputs' to avoid re-running this script phase.\necho \"SUCCESS\" > \"${SCRIPT_OUTPUT_FILE_0}\"\n";
			showEnvVarsInLog = 0;
		};
		4E72CAB11E2387F5786FF82B /* [CP] Check Pods Manifest.lock */ = {
			isa = PBXShellScriptBuildPhase;
			buildActionMask = 2147483647;
			files = (
			);
			inputPaths = (
				"${PODS_PODFILE_DIR_PATH}/Podfile.lock",
				"${PODS_ROOT}/Manifest.lock",
			);
			name = "[CP] Check Pods Manifest.lock";
			outputPaths = (
				"$(DERIVED_FILE_DIR)/Pods-SinoNews-checkManifestLockResult.txt",
			);
			runOnlyForDeploymentPostprocessing = 0;
			shellPath = /bin/sh;
			shellScript = "diff \"${PODS_PODFILE_DIR_PATH}/Podfile.lock\" \"${PODS_ROOT}/Manifest.lock\" > /dev/null\nif [ $? != 0 ] ; then\n    # print error to STDERR\n    echo \"error: The sandbox is not in sync with the Podfile.lock. Run 'pod install' or update your CocoaPods installation.\" >&2\n    exit 1\nfi\n# This output is used by Xcode 'outputs' to avoid re-running this script phase.\necho \"SUCCESS\" > \"${SCRIPT_OUTPUT_FILE_0}\"\n";
			showEnvVarsInLog = 0;
		};
		E1134CE6230C2E832CFD1362 /* [CP] Copy Pods Resources */ = {
			isa = PBXShellScriptBuildPhase;
			buildActionMask = 2147483647;
			files = (
			);
			inputPaths = (
				"${SRCROOT}/Pods/Target Support Files/Pods-SinoNews/Pods-SinoNews-resources.sh",
				"${PODS_ROOT}/IQKeyboardManager/IQKeyboardManager/Resources/IQKeyboardManager.bundle",
				"${PODS_ROOT}/MJRefresh/MJRefresh/MJRefresh.bundle",
			);
			name = "[CP] Copy Pods Resources";
			outputPaths = (
				"${TARGET_BUILD_DIR}/${UNLOCALIZED_RESOURCES_FOLDER_PATH}/IQKeyboardManager.bundle",
				"${TARGET_BUILD_DIR}/${UNLOCALIZED_RESOURCES_FOLDER_PATH}/MJRefresh.bundle",
			);
			runOnlyForDeploymentPostprocessing = 0;
			shellPath = /bin/sh;
			shellScript = "\"${SRCROOT}/Pods/Target Support Files/Pods-SinoNews/Pods-SinoNews-resources.sh\"\n";
			showEnvVarsInLog = 0;
		};
		F8AD8C33F9EF23C5DF9CA1BC /* [CP] Check Pods Manifest.lock */ = {
			isa = PBXShellScriptBuildPhase;
			buildActionMask = 2147483647;
			files = (
			);
			inputPaths = (
				"${PODS_PODFILE_DIR_PATH}/Podfile.lock",
				"${PODS_ROOT}/Manifest.lock",
			);
			name = "[CP] Check Pods Manifest.lock";
			outputPaths = (
				"$(DERIVED_FILE_DIR)/Pods-SinoNewsTests-checkManifestLockResult.txt",
			);
			runOnlyForDeploymentPostprocessing = 0;
			shellPath = /bin/sh;
			shellScript = "diff \"${PODS_PODFILE_DIR_PATH}/Podfile.lock\" \"${PODS_ROOT}/Manifest.lock\" > /dev/null\nif [ $? != 0 ] ; then\n    # print error to STDERR\n    echo \"error: The sandbox is not in sync with the Podfile.lock. Run 'pod install' or update your CocoaPods installation.\" >&2\n    exit 1\nfi\n# This output is used by Xcode 'outputs' to avoid re-running this script phase.\necho \"SUCCESS\" > \"${SCRIPT_OUTPUT_FILE_0}\"\n";
			showEnvVarsInLog = 0;
		};
/* End PBXShellScriptBuildPhase section */

/* Begin PBXSourcesBuildPhase section */
		4C3F8F9820BCD893003EC4FC /* Sources */ = {
			isa = PBXSourcesBuildPhase;
			buildActionMask = 2147483647;
			files = (
				4C83E64620BFE37800C99AAB /* LineCollectionViewCell.m in Sources */,
				4C3F8FED20BCEF09003EC4FC /* HomePageViewController.m in Sources */,
				4C87360020BE9F4600B6A8B5 /* SearchViewController.m in Sources */,
				4C87360320BEAB4F00B6A8B5 /* SearchCollectionViewCell.m in Sources */,
				4C8735F420BE8CC800B6A8B5 /* XLChannelControl.m in Sources */,
				4C8735FD20BE92BD00B6A8B5 /* NSArray+compare.m in Sources */,
				4C3F905920BD7102003EC4FC /* HomePageModel.m in Sources */,
				4C3F903B20BD2EDF003EC4FC /* HttpRequest.m in Sources */,
				4C3F900D20BCFC3F003EC4FC /* UIBarButtonItem+integration.m in Sources */,
				4C3F902E20BD1CD6003EC4FC /* UIView+ViewController.m in Sources */,
				4C3F903020BD1CD6003EC4FC /* UIView+EasyFrame.m in Sources */,
				4C3F902C20BD1CD6003EC4FC /* MLMSegmentManager.m in Sources */,
				4C3F903720BD2D10003EC4FC /* YXHeader.m in Sources */,
				4C3F904620BD40D7003EC4FC /* NewPagedFlowView.m in Sources */,
				4CE121CF20C00A6400A44782 /* RankDetailViewController.m in Sources */,
				4C8735F520BE8CC800B6A8B5 /* XLChannelHeader.m in Sources */,
				4C3F901B20BD006C003EC4FC /* UIImage+Util.m in Sources */,
				4C3F904520BD40D7003EC4FC /* PGIndexBannerSubiew.m in Sources */,
				4C87360620BEABB700B6A8B5 /* SearchHeadReusableView.m in Sources */,
				4C3F902F20BD1CD6003EC4FC /* MLMSegmentScroll.m in Sources */,
				4C8735F620BE8CC800B6A8B5 /* XLChannelView.m in Sources */,
				4C3F901E20BD0190003EC4FC /* MainTabbarVC.m in Sources */,
				4C3F901020BCFDC2003EC4FC /* UIButton+ImageTitleSpacing.m in Sources */,
				4C83E64320BFE32C00C99AAB /* LineLayout.m in Sources */,
				4C3F900120BCF7EB003EC4FC /* BaseViewController.m in Sources */,
				4C83E64E20BFFB3100C99AAB /* YXGifHeader.m in Sources */,
				4C3F8FFE20BCF7D8003EC4FC /* BaseNavigationVC.m in Sources */,
				4C3F901320BCFE8A003EC4FC /* UIButton+countDown.m in Sources */,
				4C3F904F20BD7048003EC4FC /* HomePageFirstKindCell.m in Sources */,
				4C3F8FF620BCEF3C003EC4FC /* IntegralViewController.m in Sources */,
				4C3F904C20BD58C8003EC4FC /* LWDPageControl.m in Sources */,
				4C3F903F20BD40BB003EC4FC /* PGCustomBannerView.m in Sources */,
				4C3F8FF320BCEF27003EC4FC /* RankViewController.m in Sources */,
				4C3F8FAF20BCD894003EC4FC /* main.m in Sources */,
				4C83E65120BFFB9C00C99AAB /* YXAutoNormalFooter.m in Sources */,
				4C3F8FF020BCEF1A003EC4FC /* AttentionViewController.m in Sources */,
				4C3F8FA120BCD893003EC4FC /* AppDelegate.m in Sources */,
				4C3F902D20BD1CD6003EC4FC /* MLMSegmentHead.m in Sources */,
				4CE121D420C0148700A44782 /* NSObject+DLClass.m in Sources */,
				4C3F905520BD7082003EC4FC /* HomePageThirdKindCell.m in Sources */,
				4C3F905220BD7075003EC4FC /* HomePageSecondKindCell.m in Sources */,
				4C3F900920BCFA84003EC4FC /* UIColor+Hex.m in Sources */,
				4C3F900420BCF802003EC4FC /* BaseTableView.m in Sources */,
				4C8735F720BE8CC800B6A8B5 /* XLChannelItem.m in Sources */,
				4C3F903420BD1EB7003EC4FC /* HomePageChildVCViewController.m in Sources */,
				4C3F904920BD4177003EC4FC /* HeadBannerView.m in Sources */,
				4C83E64B20BFFA6C00C99AAB /* YXNormalHeader.m in Sources */,
				4C3F8FF920BCEF45003EC4FC /* MineViewController.m in Sources */,
			);
			runOnlyForDeploymentPostprocessing = 0;
		};
		4C3F8FB020BCD895003EC4FC /* Sources */ = {
			isa = PBXSourcesBuildPhase;
			buildActionMask = 2147483647;
			files = (
				4C3F8FB920BCD895003EC4FC /* SinoNewsTests.m in Sources */,
			);
			runOnlyForDeploymentPostprocessing = 0;
		};
		4C3F8FBB20BCD895003EC4FC /* Sources */ = {
			isa = PBXSourcesBuildPhase;
			buildActionMask = 2147483647;
			files = (
				4C3F8FC420BCD895003EC4FC /* SinoNewsUITests.m in Sources */,
			);
			runOnlyForDeploymentPostprocessing = 0;
		};
/* End PBXSourcesBuildPhase section */

/* Begin PBXTargetDependency section */
		4C3F8FB620BCD895003EC4FC /* PBXTargetDependency */ = {
			isa = PBXTargetDependency;
			target = 4C3F8F9B20BCD893003EC4FC /* SinoNews */;
			targetProxy = 4C3F8FB520BCD895003EC4FC /* PBXContainerItemProxy */;
		};
		4C3F8FC120BCD895003EC4FC /* PBXTargetDependency */ = {
			isa = PBXTargetDependency;
			target = 4C3F8F9B20BCD893003EC4FC /* SinoNews */;
			targetProxy = 4C3F8FC020BCD895003EC4FC /* PBXContainerItemProxy */;
		};
/* End PBXTargetDependency section */

/* Begin PBXVariantGroup section */
		4C3F8FA520BCD893003EC4FC /* Main.storyboard */ = {
			isa = PBXVariantGroup;
			children = (
				4C3F8FA620BCD893003EC4FC /* Base */,
			);
			name = Main.storyboard;
			sourceTree = "<group>";
		};
		4C3F8FAA20BCD894003EC4FC /* LaunchScreen.storyboard */ = {
			isa = PBXVariantGroup;
			children = (
				4C3F8FAB20BCD894003EC4FC /* Base */,
			);
			name = LaunchScreen.storyboard;
			sourceTree = "<group>";
		};
/* End PBXVariantGroup section */

/* Begin XCBuildConfiguration section */
		4C3F8FC620BCD895003EC4FC /* Debug */ = {
			isa = XCBuildConfiguration;
			buildSettings = {
				ALWAYS_SEARCH_USER_PATHS = NO;
				CLANG_ANALYZER_NONNULL = YES;
				CLANG_ANALYZER_NUMBER_OBJECT_CONVERSION = YES_AGGRESSIVE;
				CLANG_CXX_LANGUAGE_STANDARD = "gnu++14";
				CLANG_CXX_LIBRARY = "libc++";
				CLANG_ENABLE_MODULES = YES;
				CLANG_ENABLE_OBJC_ARC = YES;
				CLANG_ENABLE_OBJC_WEAK = YES;
				CLANG_WARN_BLOCK_CAPTURE_AUTORELEASING = YES;
				CLANG_WARN_BOOL_CONVERSION = YES;
				CLANG_WARN_COMMA = YES;
				CLANG_WARN_CONSTANT_CONVERSION = YES;
				CLANG_WARN_DEPRECATED_OBJC_IMPLEMENTATIONS = YES;
				CLANG_WARN_DIRECT_OBJC_ISA_USAGE = YES_ERROR;
				CLANG_WARN_DOCUMENTATION_COMMENTS = YES;
				CLANG_WARN_EMPTY_BODY = YES;
				CLANG_WARN_ENUM_CONVERSION = YES;
				CLANG_WARN_INFINITE_RECURSION = YES;
				CLANG_WARN_INT_CONVERSION = YES;
				CLANG_WARN_NON_LITERAL_NULL_CONVERSION = YES;
				CLANG_WARN_OBJC_IMPLICIT_RETAIN_SELF = YES;
				CLANG_WARN_OBJC_LITERAL_CONVERSION = YES;
				CLANG_WARN_OBJC_ROOT_CLASS = YES_ERROR;
				CLANG_WARN_RANGE_LOOP_ANALYSIS = YES;
				CLANG_WARN_STRICT_PROTOTYPES = YES;
				CLANG_WARN_SUSPICIOUS_MOVE = YES;
				CLANG_WARN_UNGUARDED_AVAILABILITY = YES_AGGRESSIVE;
				CLANG_WARN_UNREACHABLE_CODE = YES;
				CLANG_WARN__DUPLICATE_METHOD_MATCH = YES;
				CODE_SIGN_IDENTITY = "iPhone Developer";
				COPY_PHASE_STRIP = NO;
				DEBUG_INFORMATION_FORMAT = dwarf;
				ENABLE_STRICT_OBJC_MSGSEND = YES;
				ENABLE_TESTABILITY = YES;
				GCC_C_LANGUAGE_STANDARD = gnu11;
				GCC_DYNAMIC_NO_PIC = NO;
				GCC_NO_COMMON_BLOCKS = YES;
				GCC_OPTIMIZATION_LEVEL = 0;
				GCC_PREPROCESSOR_DEFINITIONS = (
					"DEBUG=1",
					"$(inherited)",
				);
				GCC_WARN_64_TO_32_BIT_CONVERSION = YES;
				GCC_WARN_ABOUT_RETURN_TYPE = YES_ERROR;
				GCC_WARN_UNDECLARED_SELECTOR = YES;
				GCC_WARN_UNINITIALIZED_AUTOS = YES_AGGRESSIVE;
				GCC_WARN_UNUSED_FUNCTION = YES;
				GCC_WARN_UNUSED_VARIABLE = YES;
				IPHONEOS_DEPLOYMENT_TARGET = 11.3;
				MTL_ENABLE_DEBUG_INFO = YES;
				ONLY_ACTIVE_ARCH = YES;
				SDKROOT = iphoneos;
			};
			name = Debug;
		};
		4C3F8FC720BCD895003EC4FC /* Release */ = {
			isa = XCBuildConfiguration;
			buildSettings = {
				ALWAYS_SEARCH_USER_PATHS = NO;
				CLANG_ANALYZER_NONNULL = YES;
				CLANG_ANALYZER_NUMBER_OBJECT_CONVERSION = YES_AGGRESSIVE;
				CLANG_CXX_LANGUAGE_STANDARD = "gnu++14";
				CLANG_CXX_LIBRARY = "libc++";
				CLANG_ENABLE_MODULES = YES;
				CLANG_ENABLE_OBJC_ARC = YES;
				CLANG_ENABLE_OBJC_WEAK = YES;
				CLANG_WARN_BLOCK_CAPTURE_AUTORELEASING = YES;
				CLANG_WARN_BOOL_CONVERSION = YES;
				CLANG_WARN_COMMA = YES;
				CLANG_WARN_CONSTANT_CONVERSION = YES;
				CLANG_WARN_DEPRECATED_OBJC_IMPLEMENTATIONS = YES;
				CLANG_WARN_DIRECT_OBJC_ISA_USAGE = YES_ERROR;
				CLANG_WARN_DOCUMENTATION_COMMENTS = YES;
				CLANG_WARN_EMPTY_BODY = YES;
				CLANG_WARN_ENUM_CONVERSION = YES;
				CLANG_WARN_INFINITE_RECURSION = YES;
				CLANG_WARN_INT_CONVERSION = YES;
				CLANG_WARN_NON_LITERAL_NULL_CONVERSION = YES;
				CLANG_WARN_OBJC_IMPLICIT_RETAIN_SELF = YES;
				CLANG_WARN_OBJC_LITERAL_CONVERSION = YES;
				CLANG_WARN_OBJC_ROOT_CLASS = YES_ERROR;
				CLANG_WARN_RANGE_LOOP_ANALYSIS = YES;
				CLANG_WARN_STRICT_PROTOTYPES = YES;
				CLANG_WARN_SUSPICIOUS_MOVE = YES;
				CLANG_WARN_UNGUARDED_AVAILABILITY = YES_AGGRESSIVE;
				CLANG_WARN_UNREACHABLE_CODE = YES;
				CLANG_WARN__DUPLICATE_METHOD_MATCH = YES;
				CODE_SIGN_IDENTITY = "iPhone Developer";
				COPY_PHASE_STRIP = NO;
				DEBUG_INFORMATION_FORMAT = "dwarf-with-dsym";
				ENABLE_NS_ASSERTIONS = NO;
				ENABLE_STRICT_OBJC_MSGSEND = YES;
				GCC_C_LANGUAGE_STANDARD = gnu11;
				GCC_NO_COMMON_BLOCKS = YES;
				GCC_WARN_64_TO_32_BIT_CONVERSION = YES;
				GCC_WARN_ABOUT_RETURN_TYPE = YES_ERROR;
				GCC_WARN_UNDECLARED_SELECTOR = YES;
				GCC_WARN_UNINITIALIZED_AUTOS = YES_AGGRESSIVE;
				GCC_WARN_UNUSED_FUNCTION = YES;
				GCC_WARN_UNUSED_VARIABLE = YES;
				IPHONEOS_DEPLOYMENT_TARGET = 11.3;
				MTL_ENABLE_DEBUG_INFO = NO;
				SDKROOT = iphoneos;
				VALIDATE_PRODUCT = YES;
			};
			name = Release;
		};
		4C3F8FC920BCD895003EC4FC /* Debug */ = {
			isa = XCBuildConfiguration;
			baseConfigurationReference = C67A7916C77F66D5F17746EB /* Pods-SinoNews.debug.xcconfig */;
			buildSettings = {
				ASSETCATALOG_COMPILER_APPICON_NAME = AppIcon;
				CODE_SIGN_STYLE = Manual;
				DEVELOPMENT_TEAM = "";
				GCC_PRECOMPILE_PREFIX_HEADER = YES;
				GCC_PREFIX_HEADER = "$(SRCROOT)/SinoNews/DefinedFile/BaseConfiguration.pch";
				INFOPLIST_FILE = SinoNews/MainFile/Info.plist;
				IPHONEOS_DEPLOYMENT_TARGET = 9.0;
				LD_RUNPATH_SEARCH_PATHS = (
					"$(inherited)",
					"@executable_path/Frameworks",
				);
				PRODUCT_BUNDLE_IDENTIFIER = iOS.SinoNews;
				PRODUCT_NAME = "$(TARGET_NAME)";
				PROVISIONING_PROFILE_SPECIFIER = "";
				TARGETED_DEVICE_FAMILY = "1,2";
			};
			name = Debug;
		};
		4C3F8FCA20BCD895003EC4FC /* Release */ = {
			isa = XCBuildConfiguration;
			baseConfigurationReference = 1263473AE591A42902DC72C9 /* Pods-SinoNews.release.xcconfig */;
			buildSettings = {
				ASSETCATALOG_COMPILER_APPICON_NAME = AppIcon;
				CODE_SIGN_STYLE = Manual;
				DEVELOPMENT_TEAM = "";
				GCC_PRECOMPILE_PREFIX_HEADER = YES;
				GCC_PREFIX_HEADER = "$(SRCROOT)/SinoNews/DefinedFile/BaseConfiguration.pch";
				INFOPLIST_FILE = SinoNews/MainFile/Info.plist;
				IPHONEOS_DEPLOYMENT_TARGET = 9.0;
				LD_RUNPATH_SEARCH_PATHS = (
					"$(inherited)",
					"@executable_path/Frameworks",
				);
				PRODUCT_BUNDLE_IDENTIFIER = iOS.SinoNews;
				PRODUCT_NAME = "$(TARGET_NAME)";
				PROVISIONING_PROFILE_SPECIFIER = "";
				TARGETED_DEVICE_FAMILY = "1,2";
			};
			name = Release;
		};
		4C3F8FCC20BCD895003EC4FC /* Debug */ = {
			isa = XCBuildConfiguration;
			baseConfigurationReference = E3E31EC7E2B3BA1E8939B8FC /* Pods-SinoNewsTests.debug.xcconfig */;
			buildSettings = {
				BUNDLE_LOADER = "$(TEST_HOST)";
				CODE_SIGN_STYLE = Automatic;
				INFOPLIST_FILE = SinoNewsTests/Info.plist;
				LD_RUNPATH_SEARCH_PATHS = (
					"$(inherited)",
					"@executable_path/Frameworks",
					"@loader_path/Frameworks",
				);
				PRODUCT_BUNDLE_IDENTIFIER = iOS.SinoNewsTests;
				PRODUCT_NAME = "$(TARGET_NAME)";
				TARGETED_DEVICE_FAMILY = "1,2";
				TEST_HOST = "$(BUILT_PRODUCTS_DIR)/SinoNews.app/SinoNews";
			};
			name = Debug;
		};
		4C3F8FCD20BCD895003EC4FC /* Release */ = {
			isa = XCBuildConfiguration;
			baseConfigurationReference = C00DCA27A29C1D234268191D /* Pods-SinoNewsTests.release.xcconfig */;
			buildSettings = {
				BUNDLE_LOADER = "$(TEST_HOST)";
				CODE_SIGN_STYLE = Automatic;
				INFOPLIST_FILE = SinoNewsTests/Info.plist;
				LD_RUNPATH_SEARCH_PATHS = (
					"$(inherited)",
					"@executable_path/Frameworks",
					"@loader_path/Frameworks",
				);
				PRODUCT_BUNDLE_IDENTIFIER = iOS.SinoNewsTests;
				PRODUCT_NAME = "$(TARGET_NAME)";
				TARGETED_DEVICE_FAMILY = "1,2";
				TEST_HOST = "$(BUILT_PRODUCTS_DIR)/SinoNews.app/SinoNews";
			};
			name = Release;
		};
		4C3F8FCF20BCD895003EC4FC /* Debug */ = {
			isa = XCBuildConfiguration;
			baseConfigurationReference = 77EB69E77DBE7E97F1DCB40A /* Pods-SinoNewsUITests.debug.xcconfig */;
			buildSettings = {
				CODE_SIGN_STYLE = Automatic;
				INFOPLIST_FILE = SinoNewsUITests/Info.plist;
				LD_RUNPATH_SEARCH_PATHS = (
					"$(inherited)",
					"@executable_path/Frameworks",
					"@loader_path/Frameworks",
				);
				PRODUCT_BUNDLE_IDENTIFIER = iOS.SinoNewsUITests;
				PRODUCT_NAME = "$(TARGET_NAME)";
				TARGETED_DEVICE_FAMILY = "1,2";
				TEST_TARGET_NAME = SinoNews;
			};
			name = Debug;
		};
		4C3F8FD020BCD895003EC4FC /* Release */ = {
			isa = XCBuildConfiguration;
			baseConfigurationReference = F18AF6A4688D00079DE16EA5 /* Pods-SinoNewsUITests.release.xcconfig */;
			buildSettings = {
				CODE_SIGN_STYLE = Automatic;
				INFOPLIST_FILE = SinoNewsUITests/Info.plist;
				LD_RUNPATH_SEARCH_PATHS = (
					"$(inherited)",
					"@executable_path/Frameworks",
					"@loader_path/Frameworks",
				);
				PRODUCT_BUNDLE_IDENTIFIER = iOS.SinoNewsUITests;
				PRODUCT_NAME = "$(TARGET_NAME)";
				TARGETED_DEVICE_FAMILY = "1,2";
				TEST_TARGET_NAME = SinoNews;
			};
			name = Release;
		};
/* End XCBuildConfiguration section */

/* Begin XCConfigurationList section */
		4C3F8F9720BCD893003EC4FC /* Build configuration list for PBXProject "SinoNews" */ = {
			isa = XCConfigurationList;
			buildConfigurations = (
				4C3F8FC620BCD895003EC4FC /* Debug */,
				4C3F8FC720BCD895003EC4FC /* Release */,
			);
			defaultConfigurationIsVisible = 0;
			defaultConfigurationName = Release;
		};
		4C3F8FC820BCD895003EC4FC /* Build configuration list for PBXNativeTarget "SinoNews" */ = {
			isa = XCConfigurationList;
			buildConfigurations = (
				4C3F8FC920BCD895003EC4FC /* Debug */,
				4C3F8FCA20BCD895003EC4FC /* Release */,
			);
			defaultConfigurationIsVisible = 0;
			defaultConfigurationName = Release;
		};
		4C3F8FCB20BCD895003EC4FC /* Build configuration list for PBXNativeTarget "SinoNewsTests" */ = {
			isa = XCConfigurationList;
			buildConfigurations = (
				4C3F8FCC20BCD895003EC4FC /* Debug */,
				4C3F8FCD20BCD895003EC4FC /* Release */,
			);
			defaultConfigurationIsVisible = 0;
			defaultConfigurationName = Release;
		};
		4C3F8FCE20BCD895003EC4FC /* Build configuration list for PBXNativeTarget "SinoNewsUITests" */ = {
			isa = XCConfigurationList;
			buildConfigurations = (
				4C3F8FCF20BCD895003EC4FC /* Debug */,
				4C3F8FD020BCD895003EC4FC /* Release */,
			);
			defaultConfigurationIsVisible = 0;
			defaultConfigurationName = Release;
		};
/* End XCConfigurationList section */
	};
	rootObject = 4C3F8F9420BCD893003EC4FC /* Project object */;
}
